
Microsoft Visual Studio Solution File, Format Version 12.00
# Visual Studio 2013
VisualStudioVersion = 12.0.30723.0
MinimumVisualStudioVersion = 10.0.40219.1
Project("{FAE04EC0-301F-11D3-BF4B-00C04F79EFBC}") = "PersonelAccounting.Business", "PersonelAccounting.Business\PersonelAccounting.Business.csproj", "{B097B3DB-F97F-4789-ABBB-BBC386B26889}"
EndProject
Project("{FAE04EC0-301F-11D3-BF4B-00C04F79EFBC}") = "PersonelAccounting.Web", "PersonelAccounting.Web\PersonelAccounting.Web.csproj", "{98B636E3-F693-4960-BA63-C987EFE3768A}"
EndProject
Project("{FAE04EC0-301F-11D3-BF4B-00C04F79EFBC}") = "PersonelAccounting.Data", "PersonelAccounting.Data\PersonelAccounting.Data.csproj", "{8E06DA30-80EA-4B54-93CD-7EEEF913BC20}"
EndProject
Global
	GlobalSection(SolutionConfigurationPlatforms) = preSolution
		Debug|Any CPU = Debug|Any CPU
		Release|Any CPU = Release|Any CPU
	EndGlobalSection
	GlobalSection(ProjectConfigurationPlatforms) = postSolution
		{B097B3DB-F97F-4789-ABBB-BBC386B26889}.Debug|Any CPU.ActiveCfg = Debug|Any CPU
		{B097B3DB-F97F-4789-ABBB-BBC386B26889}.Debug|Any CPU.Build.0 = Debug|Any CPU
		{B097B3DB-F97F-4789-ABBB-BBC386B26889}.Release|Any CPU.ActiveCfg = Release|Any CPU
		{B097B3DB-F97F-4789-ABBB-BBC386B26889}.Release|Any CPU.Build.0 = Release|Any CPU
		{98B636E3-F693-4960-BA63-C987EFE3768A}.Debug|Any CPU.ActiveCfg = Debug|Any CPU
		{98B636E3-F693-4960-BA63-C987EFE3768A}.Debug|Any CPU.Build.0 = Debug|Any CPU
		{98B636E3-F693-4960-BA63-C987EFE3768A}.Release|Any CPU.ActiveCfg = Release|Any CPU
		{98B636E3-F693-4960-BA63-C987EFE3768A}.Release|Any CPU.Build.0 = Release|Any CPU
		{8E06DA30-80EA-4B54-93CD-7EEEF913BC20}.Debug|Any CPU.ActiveCfg = Debug|Any CPU
		{8E06DA30-80EA-4B54-93CD-7EEEF913BC20}.Debug|Any CPU.Build.0 = Debug|Any CPU
		{8E06DA30-80EA-4B54-93CD-7EEEF913BC20}.Release|Any CPU.ActiveCfg = Release|Any CPU
		{8E06DA30-80EA-4B54-93CD-7EEEF913BC20}.Release|Any CPU.Build.0 = Release|Any CPU
	EndGlobalSection
	GlobalSection(SolutionProperties) = preSolution
		HideSolutionNode = FALSE
	EndGlobalSection
EndGlobal
